<?xml version="1.0" encoding="utf-8"?>
<Project ToolsVersion="4.0" xmlns="http://schemas.microsoft.com/developer/msbuild/2003">
  <ItemGroup>
    <ClCompile Include="main.cpp" />
    <ClCompile Include="Engine.cpp">
      <Filter>Core</Filter>
    </ClCompile>
    <ClCompile Include="SceneManager.cpp">
      <Filter>Core</Filter>
    </ClCompile>
    <ClCompile Include="Scene.cpp">
      <Filter>Core</Filter>
    </ClCompile>
    <ClCompile Include="GameObject.cpp">
      <Filter>Core</Filter>
    </ClCompile>
    <ClCompile Include="Renderer.cpp">
      <Filter>Core</Filter>
    </ClCompile>
    <ClCompile Include="Input.cpp">
      <Filter>Core</Filter>
    </ClCompile>
    <ClCompile Include="BattleService.cpp">
      <Filter>소스 파일</Filter>
    </ClCompile>
    <ClCompile Include="BuffPotion.cpp">
      <Filter>소스 파일</Filter>
    </ClCompile>
    <ClCompile Include="Character.cpp">
      <Filter>소스 파일</Filter>
    </ClCompile>
    <ClCompile Include="Entity.cpp">
      <Filter>소스 파일</Filter>
    </ClCompile>
    <ClCompile Include="GameManager.cpp">
      <Filter>소스 파일</Filter>
    </ClCompile>
    <ClCompile Include="HealthPotion.cpp">
      <Filter>소스 파일</Filter>
    </ClCompile>
    <ClCompile Include="Inventory.cpp">
      <Filter>소스 파일</Filter>
    </ClCompile>
    <ClCompile Include="Item.cpp">
      <Filter>소스 파일</Filter>
    </ClCompile>
    <ClCompile Include="ItemFactory.cpp">
      <Filter>소스 파일</Filter>
    </ClCompile>
    <ClCompile Include="KeyBoard.cpp">
      <Filter>소스 파일</Filter>
    </ClCompile>
    <ClCompile Include="Monster.cpp">
      <Filter>소스 파일</Filter>
    </ClCompile>
    <ClCompile Include="NormalMonster.cpp">
      <Filter>소스 파일</Filter>
    </ClCompile>
    <ClCompile Include="Shop.cpp">
      <Filter>소스 파일</Filter>
    </ClCompile>
    <ClCompile Include="UIManager.cpp">
      <Filter>소스 파일</Filter>
    </ClCompile>
    <ClCompile Include="BossMonster.cpp">
      <Filter>소스 파일</Filter>
    </ClCompile>
    <ClCompile Include="RewardManager.cpp">
      <Filter>소스 파일</Filter>
    </ClCompile>
  </ItemGroup>
  <ItemGroup>
    <ClInclude Include="Engine.h">
      <Filter>Core</Filter>
    </ClInclude>
    <ClInclude Include="SceneManager.h">
      <Filter>Core</Filter>
    </ClInclude>
    <ClInclude Include="Scene.h">
      <Filter>Core</Filter>
    </ClInclude>
    <ClInclude Include="GameObject.h">
      <Filter>Core</Filter>
    </ClInclude>
    <ClInclude Include="TestScene.h">
      <Filter>Core</Filter>
    </ClInclude>
    <ClInclude Include="Renderer.h">
      <Filter>Core</Filter>
    </ClInclude>
    <ClInclude Include="Input.h">
      <Filter>Core</Filter>
    </ClInclude>
    <ClInclude Include="BattleService.h">
      <Filter>헤더 파일</Filter>
    </ClInclude>
    <ClInclude Include="BuffPotion.h">
      <Filter>헤더 파일</Filter>
    </ClInclude>
    <ClInclude Include="Character.h">
      <Filter>헤더 파일</Filter>
    </ClInclude>
    <ClInclude Include="Entity.h">
      <Filter>헤더 파일</Filter>
    </ClInclude>
    <ClInclude Include="GameManager.h">
      <Filter>헤더 파일</Filter>
    </ClInclude>
    <ClInclude Include="HealthPotion.h">
      <Filter>헤더 파일</Filter>
    </ClInclude>
    <ClInclude Include="Inventory.h">
      <Filter>헤더 파일</Filter>
    </ClInclude>
    <ClInclude Include="Item.h">
      <Filter>헤더 파일</Filter>
    </ClInclude>
    <ClInclude Include="ItemFactory.h">
      <Filter>헤더 파일</Filter>
    </ClInclude>
    <ClInclude Include="KeyBoard.h">
      <Filter>헤더 파일</Filter>
    </ClInclude>
    <ClInclude Include="Monster.h">
      <Filter>헤더 파일</Filter>
    </ClInclude>
    <ClInclude Include="NormalMonster.h">
      <Filter>헤더 파일</Filter>
    </ClInclude>
    <ClInclude Include="Shop.h">
      <Filter>헤더 파일</Filter>
    </ClInclude>
    <ClInclude Include="UIManager.h">
      <Filter>헤더 파일</Filter>
    </ClInclude>
    <ClInclude Include="BossMonster.h">
      <Filter>헤더 파일</Filter>
    </ClInclude>
    <ClInclude Include="BattleResult.h">
      <Filter>헤더 파일</Filter>
    </ClInclude>
    <ClInclude Include="RewardManager.h">
      <Filter>헤더 파일</Filter>
    </ClInclude>
  </ItemGroup>
  <ItemGroup>
    <Filter Include="Core">
      <UniqueIdentifier>{20ac8ad8-b2b5-4924-a43f-34d78637b234}</UniqueIdentifier>
    </Filter>
    <Filter Include="소스 파일">
      <UniqueIdentifier>{a77b58f4-24b8-4c81-ada9-3483fde7e267}</UniqueIdentifier>
    </Filter>
    <Filter Include="헤더 파일">
      <UniqueIdentifier>{0ef38f0b-e3b7-4d3b-9d2b-a6e512e00624}</UniqueIdentifier>
    </Filter>
  </ItemGroup>
</Project>